// !$*UTF8*$!
{
	archiveVersion = 1;
	classes = {
	};
	objectVersion = 46;
	objects = {

/* Begin PBXBuildFile section */
		6C2088F615F9CA1D009191D7 /* Cocoa.framework in Frameworks */ = {isa = PBXBuildFile; fileRef = 6C2088F515F9CA1D009191D7 /* Cocoa.framework */; };
		6C20890015F9CA1D009191D7 /* InfoPlist.strings in Resources */ = {isa = PBXBuildFile; fileRef = 6C2088FE15F9CA1D009191D7 /* InfoPlist.strings */; };
		6C20890215F9CA1D009191D7 /* main.m in Sources */ = {isa = PBXBuildFile; fileRef = 6C20890115F9CA1D009191D7 /* main.m */; };
		6C20890615F9CA1D009191D7 /* Credits.rtf in Resources */ = {isa = PBXBuildFile; fileRef = 6C20890415F9CA1D009191D7 /* Credits.rtf */; };
		6C20890915F9CA1D009191D7 /* PXAppDelegate.m in Sources */ = {isa = PBXBuildFile; fileRef = 6C20890815F9CA1D009191D7 /* PXAppDelegate.m */; };
		6C20890C15F9CA1D009191D7 /* MainMenu.xib in Resources */ = {isa = PBXBuildFile; fileRef = 6C20890A15F9CA1D009191D7 /* MainMenu.xib */; };
		6C20891415F9CA1D009191D7 /* SenTestingKit.framework in Frameworks */ = {isa = PBXBuildFile; fileRef = 6C20891315F9CA1D009191D7 /* SenTestingKit.framework */; };
		6C20891515F9CA1D009191D7 /* Cocoa.framework in Frameworks */ = {isa = PBXBuildFile; fileRef = 6C2088F515F9CA1D009191D7 /* Cocoa.framework */; };
		6C20891D15F9CA1D009191D7 /* InfoPlist.strings in Resources */ = {isa = PBXBuildFile; fileRef = 6C20891B15F9CA1D009191D7 /* InfoPlist.strings */; };
		6C20892015F9CA1D009191D7 /* PlexerTests.m in Sources */ = {isa = PBXBuildFile; fileRef = 6C20891F15F9CA1D009191D7 /* PlexerTests.m */; };
		6C2110491617FF7D008E46A4 /* Carbon.framework in Frameworks */ = {isa = PBXBuildFile; fileRef = 6C2110481617FF7D008E46A4 /* Carbon.framework */; };
		6C39283F161F9C100088617A /* PXMappedKeyStore.m in Sources */ = {isa = PBXBuildFile; fileRef = 6C39283E161F9C100088617A /* PXMappedKeyStore.m */; };
		6C392841161FA5DF0088617A /* PXBroadcastController.m in Sources */ = {isa = PBXBuildFile; fileRef = 6C39D92D161EB3EC0094A387 /* PXBroadcastController.m */; };
		6C39D907161E99D70094A387 /* PXTeamDocumentWindowController.m in Sources */ = {isa = PBXBuildFile; fileRef = 6C39D906161E99D70094A387 /* PXTeamDocumentWindowController.m */; };
		6C39D922161EB3770094A387 /* InfoPlist.strings in Resources */ = {isa = PBXBuildFile; fileRef = 6C39D920161EB3770094A387 /* InfoPlist.strings */; };
		6C39D925161EB3770094A387 /* main.m in Sources */ = {isa = PBXBuildFile; fileRef = 6C39D924161EB3770094A387 /* main.m */; };
		6C39D92B161EB3970094A387 /* com.kiadsoftware.PlexerHelper.xpc in CopyFiles */ = {isa = PBXBuildFile; fileRef = 6C39D91B161EB3770094A387 /* com.kiadsoftware.PlexerHelper.xpc */; };
		6C39D92F161EBA480094A387 /* Carbon.framework in Frameworks */ = {isa = PBXBuildFile; fileRef = 6C2110481617FF7D008E46A4 /* Carbon.framework */; };
		6C39D930161EBA4F0094A387 /* Cocoa.framework in Frameworks */ = {isa = PBXBuildFile; fileRef = 6C2088F515F9CA1D009191D7 /* Cocoa.framework */; };
		6C93E8CC1616DCFE005A5593 /* DefaultSettings.plist in Resources */ = {isa = PBXBuildFile; fileRef = 6C93E8CB1616DCFE005A5593 /* DefaultSettings.plist */; };
		6C93E8D21616E17E005A5593 /* SampleTeam.plist in Resources */ = {isa = PBXBuildFile; fileRef = 6C93E8D11616E14E005A5593 /* SampleTeam.plist */; };
		6CC4844615FF14DD00B9A110 /* PXTeamDocument.m in Sources */ = {isa = PBXBuildFile; fileRef = 6CC4844415FF14DD00B9A110 /* PXTeamDocument.m */; };
		6CCAE0441618FB8C0085BBD7 /* PXApplication.h in Headers */ = {isa = PBXBuildFile; fileRef = 6CCAE0421618FB8C0085BBD7 /* PXApplication.h */; settings = {ATTRIBUTES = (Private, ); }; };
		6CCAE0451618FB8C0085BBD7 /* PXApplication.m in Sources */ = {isa = PBXBuildFile; fileRef = 6CCAE0431618FB8C0085BBD7 /* PXApplication.m */; };
		6CCAE04F161905A20085BBD7 /* PlexerLib.h in Headers */ = {isa = PBXBuildFile; fileRef = 6CCAE04E1619056F0085BBD7 /* PlexerLib.h */; settings = {ATTRIBUTES = (Public, ); }; };
		6CCAE05216190E2A0085BBD7 /* PXTeam.h in Headers */ = {isa = PBXBuildFile; fileRef = 6CCAE05016190E290085BBD7 /* PXTeam.h */; settings = {ATTRIBUTES = (Private, ); }; };
		6CCAE05316190E2A0085BBD7 /* PXTeam.m in Sources */ = {isa = PBXBuildFile; fileRef = 6CCAE05116190E290085BBD7 /* PXTeam.m */; };
		6CCAE05616190ED90085BBD7 /* PXTeamMember.h in Headers */ = {isa = PBXBuildFile; fileRef = 6CCAE05416190ED90085BBD7 /* PXTeamMember.h */; settings = {ATTRIBUTES = (Private, ); }; };
		6CCAE05716190ED90085BBD7 /* PXTeamMember.m in Sources */ = {isa = PBXBuildFile; fileRef = 6CCAE05516190ED90085BBD7 /* PXTeamMember.m */; };
		6CCAE05816191A560085BBD7 /* PlexerLib.framework in Frameworks */ = {isa = PBXBuildFile; fileRef = 6CF934D61618FA6400325A8A /* PlexerLib.framework */; };
		6CF934D71618FA6400325A8A /* Cocoa.framework in Frameworks */ = {isa = PBXBuildFile; fileRef = 6C2088F515F9CA1D009191D7 /* Cocoa.framework */; };
		6CF934DD1618FA6400325A8A /* InfoPlist.strings in Resources */ = {isa = PBXBuildFile; fileRef = 6CF934DB1618FA6400325A8A /* InfoPlist.strings */; };
		6CF934E81618FA6400325A8A /* SenTestingKit.framework in Frameworks */ = {isa = PBXBuildFile; fileRef = 6C20891315F9CA1D009191D7 /* SenTestingKit.framework */; };
		6CF934E91618FA6400325A8A /* Cocoa.framework in Frameworks */ = {isa = PBXBuildFile; fileRef = 6C2088F515F9CA1D009191D7 /* Cocoa.framework */; };
		6CF934EC1618FA6400325A8A /* PlexerLib.framework in Frameworks */ = {isa = PBXBuildFile; fileRef = 6CF934D61618FA6400325A8A /* PlexerLib.framework */; };
		6CF934F21618FA6400325A8A /* InfoPlist.strings in Resources */ = {isa = PBXBuildFile; fileRef = 6CF934F01618FA6400325A8A /* InfoPlist.strings */; };
		6CF934F51618FA6400325A8A /* PlexerLibTests.m in Sources */ = {isa = PBXBuildFile; fileRef = 6CF934F41618FA6400325A8A /* PlexerLibTests.m */; };
/* End PBXBuildFile section */

/* Begin PBXContainerItemProxy section */
		6C20891615F9CA1D009191D7 /* PBXContainerItemProxy */ = {
			isa = PBXContainerItemProxy;
			containerPortal = 6C2088E815F9CA1D009191D7 /* Project object */;
			proxyType = 1;
			remoteGlobalIDString = 6C2088F015F9CA1D009191D7;
			remoteInfo = Plexer;
		};
		6C39D929161EB38F0094A387 /* PBXContainerItemProxy */ = {
			isa = PBXContainerItemProxy;
			containerPortal = 6C2088E815F9CA1D009191D7 /* Project object */;
			proxyType = 1;
			remoteGlobalIDString = 6C39D91A161EB3770094A387;
			remoteInfo = PlexerHelper;
		};
		6CF934EA1618FA6400325A8A /* PBXContainerItemProxy */ = {
			isa = PBXContainerItemProxy;
			containerPortal = 6C2088E815F9CA1D009191D7 /* Project object */;
			proxyType = 1;
			remoteGlobalIDString = 6CF934D51618FA6400325A8A;
			remoteInfo = PlexerLib;
		};
/* End PBXContainerItemProxy section */

/* Begin PBXCopyFilesBuildPhase section */
		6C39D901161E96430094A387 /* CopyFiles */ = {
			isa = PBXCopyFilesBuildPhase;
			buildActionMask = 2147483647;
			dstPath = Contents/XPCServices;
			dstSubfolderSpec = 1;
			files = (
				6C39D92B161EB3970094A387 /* com.kiadsoftware.PlexerHelper.xpc in CopyFiles */,
			);
			runOnlyForDeploymentPostprocessing = 0;
		};
/* End PBXCopyFilesBuildPhase section */

/* Begin PBXFileReference section */
		6C2088F115F9CA1D009191D7 /* Plexer.app */ = {isa = PBXFileReference; explicitFileType = wrapper.application; includeInIndex = 0; path = Plexer.app; sourceTree = BUILT_PRODUCTS_DIR; };
		6C2088F515F9CA1D009191D7 /* Cocoa.framework */ = {isa = PBXFileReference; lastKnownFileType = wrapper.framework; name = Cocoa.framework; path = System/Library/Frameworks/Cocoa.framework; sourceTree = SDKROOT; };
		6C2088F815F9CA1D009191D7 /* AppKit.framework */ = {isa = PBXFileReference; lastKnownFileType = wrapper.framework; name = AppKit.framework; path = System/Library/Frameworks/AppKit.framework; sourceTree = SDKROOT; };
		6C2088F915F9CA1D009191D7 /* CoreData.framework */ = {isa = PBXFileReference; lastKnownFileType = wrapper.framework; name = CoreData.framework; path = System/Library/Frameworks/CoreData.framework; sourceTree = SDKROOT; };
		6C2088FA15F9CA1D009191D7 /* Foundation.framework */ = {isa = PBXFileReference; lastKnownFileType = wrapper.framework; name = Foundation.framework; path = System/Library/Frameworks/Foundation.framework; sourceTree = SDKROOT; };
		6C2088FD15F9CA1D009191D7 /* Plexer-Info.plist */ = {isa = PBXFileReference; lastKnownFileType = text.plist.xml; path = "Plexer-Info.plist"; sourceTree = "<group>"; };
		6C2088FF15F9CA1D009191D7 /* en */ = {isa = PBXFileReference; lastKnownFileType = text.plist.strings; name = en; path = en.lproj/InfoPlist.strings; sourceTree = "<group>"; };
		6C20890115F9CA1D009191D7 /* main.m */ = {isa = PBXFileReference; lastKnownFileType = sourcecode.c.objc; path = main.m; sourceTree = "<group>"; };
		6C20890315F9CA1D009191D7 /* Plexer-Prefix.pch */ = {isa = PBXFileReference; lastKnownFileType = sourcecode.c.h; path = "Plexer-Prefix.pch"; sourceTree = "<group>"; };
		6C20890515F9CA1D009191D7 /* en */ = {isa = PBXFileReference; lastKnownFileType = text.rtf; name = en; path = en.lproj/Credits.rtf; sourceTree = "<group>"; };
		6C20890715F9CA1D009191D7 /* PXAppDelegate.h */ = {isa = PBXFileReference; lastKnownFileType = sourcecode.c.h; path = PXAppDelegate.h; sourceTree = "<group>"; };
		6C20890815F9CA1D009191D7 /* PXAppDelegate.m */ = {isa = PBXFileReference; lastKnownFileType = sourcecode.c.objc; path = PXAppDelegate.m; sourceTree = "<group>"; };
		6C20890B15F9CA1D009191D7 /* en */ = {isa = PBXFileReference; lastKnownFileType = file.xib; name = en; path = en.lproj/MainMenu.xib; sourceTree = "<group>"; };
		6C20891215F9CA1D009191D7 /* PlexerTests.octest */ = {isa = PBXFileReference; explicitFileType = wrapper.cfbundle; includeInIndex = 0; path = PlexerTests.octest; sourceTree = BUILT_PRODUCTS_DIR; };
		6C20891315F9CA1D009191D7 /* SenTestingKit.framework */ = {isa = PBXFileReference; lastKnownFileType = wrapper.framework; name = SenTestingKit.framework; path = Library/Frameworks/SenTestingKit.framework; sourceTree = DEVELOPER_DIR; };
		6C20891A15F9CA1D009191D7 /* PlexerTests-Info.plist */ = {isa = PBXFileReference; lastKnownFileType = text.plist.xml; path = "PlexerTests-Info.plist"; sourceTree = "<group>"; };
		6C20891C15F9CA1D009191D7 /* en */ = {isa = PBXFileReference; lastKnownFileType = text.plist.strings; name = en; path = en.lproj/InfoPlist.strings; sourceTree = "<group>"; };
		6C20891E15F9CA1D009191D7 /* PlexerTests.h */ = {isa = PBXFileReference; lastKnownFileType = sourcecode.c.h; path = PlexerTests.h; sourceTree = "<group>"; };
		6C20891F15F9CA1D009191D7 /* PlexerTests.m */ = {isa = PBXFileReference; lastKnownFileType = sourcecode.c.objc; path = PlexerTests.m; sourceTree = "<group>"; };
		6C2110481617FF7D008E46A4 /* Carbon.framework */ = {isa = PBXFileReference; lastKnownFileType = wrapper.framework; name = Carbon.framework; path = System/Library/Frameworks/Carbon.framework; sourceTree = SDKROOT; };
		6C39283D161F9C100088617A /* PXMappedKeyStore.h */ = {isa = PBXFileReference; fileEncoding = 4; lastKnownFileType = sourcecode.c.h; path = PXMappedKeyStore.h; sourceTree = "<group>"; };
		6C39283E161F9C100088617A /* PXMappedKeyStore.m */ = {isa = PBXFileReference; fileEncoding = 4; lastKnownFileType = sourcecode.c.objc; path = PXMappedKeyStore.m; sourceTree = "<group>"; };
		6C39D905161E99D70094A387 /* PXTeamDocumentWindowController.h */ = {isa = PBXFileReference; fileEncoding = 4; lastKnownFileType = sourcecode.c.h; path = PXTeamDocumentWindowController.h; sourceTree = "<group>"; };
		6C39D906161E99D70094A387 /* PXTeamDocumentWindowController.m */ = {isa = PBXFileReference; fileEncoding = 4; lastKnownFileType = sourcecode.c.objc; path = PXTeamDocumentWindowController.m; sourceTree = "<group>"; };
		6C39D91B161EB3770094A387 /* com.kiadsoftware.PlexerHelper.xpc */ = {isa = PBXFileReference; explicitFileType = wrapper.cfbundle; includeInIndex = 0; path = com.kiadsoftware.PlexerHelper.xpc; sourceTree = BUILT_PRODUCTS_DIR; };
		6C39D91F161EB3770094A387 /* PlexerHelper-Info.plist */ = {isa = PBXFileReference; lastKnownFileType = text.plist.xml; path = "PlexerHelper-Info.plist"; sourceTree = "<group>"; };
		6C39D921161EB3770094A387 /* en */ = {isa = PBXFileReference; lastKnownFileType = text.plist.strings; name = en; path = en.lproj/InfoPlist.strings; sourceTree = "<group>"; };
		6C39D923161EB3770094A387 /* PlexerHelper-Prefix.pch */ = {isa = PBXFileReference; lastKnownFileType = sourcecode.c.h; path = "PlexerHelper-Prefix.pch"; sourceTree = "<group>"; };
		6C39D924161EB3770094A387 /* main.m */ = {isa = PBXFileReference; lastKnownFileType = sourcecode.c.objc; path = main.m; sourceTree = "<group>"; };
		6C39D92C161EB3EC0094A387 /* PXBroadcastController.h */ = {isa = PBXFileReference; fileEncoding = 4; lastKnownFileType = sourcecode.c.h; path = PXBroadcastController.h; sourceTree = "<group>"; };
		6C39D92D161EB3EC0094A387 /* PXBroadcastController.m */ = {isa = PBXFileReference; fileEncoding = 4; lastKnownFileType = sourcecode.c.objc; path = PXBroadcastController.m; sourceTree = "<group>"; };
		6C8655CC1616AA4000DBEAA3 /* Foundation.framework */ = {isa = PBXFileReference; lastKnownFileType = wrapper.framework; name = Foundation.framework; path = System/Library/Frameworks/Foundation.framework; sourceTree = SDKROOT; };
		6C93E8CB1616DCFE005A5593 /* DefaultSettings.plist */ = {isa = PBXFileReference; fileEncoding = 4; lastKnownFileType = text.plist.xml; path = DefaultSettings.plist; sourceTree = "<group>"; };
		6C93E8D11616E14E005A5593 /* SampleTeam.plist */ = {isa = PBXFileReference; lastKnownFileType = text.plist.xml; path = SampleTeam.plist; sourceTree = "<group>"; };
		6CBC90B3161CF91F0082AC56 /* Plexer.entitlements */ = {isa = PBXFileReference; lastKnownFileType = text.xml; path = Plexer.entitlements; sourceTree = "<group>"; };
		6CC4844315FF14DD00B9A110 /* PXTeamDocument.h */ = {isa = PBXFileReference; fileEncoding = 4; lastKnownFileType = sourcecode.c.h; path = PXTeamDocument.h; sourceTree = "<group>"; };
		6CC4844415FF14DD00B9A110 /* PXTeamDocument.m */ = {isa = PBXFileReference; fileEncoding = 4; lastKnownFileType = sourcecode.c.objc; path = PXTeamDocument.m; sourceTree = "<group>"; };
		6CCAE0421618FB8C0085BBD7 /* PXApplication.h */ = {isa = PBXFileReference; fileEncoding = 4; lastKnownFileType = sourcecode.c.h; path = PXApplication.h; sourceTree = "<group>"; };
		6CCAE0431618FB8C0085BBD7 /* PXApplication.m */ = {isa = PBXFileReference; fileEncoding = 4; lastKnownFileType = sourcecode.c.objc; path = PXApplication.m; sourceTree = "<group>"; };
		6CCAE04E1619056F0085BBD7 /* PlexerLib.h */ = {isa = PBXFileReference; lastKnownFileType = sourcecode.c.h; path = PlexerLib.h; sourceTree = "<group>"; };
		6CCAE05016190E290085BBD7 /* PXTeam.h */ = {isa = PBXFileReference; fileEncoding = 4; lastKnownFileType = sourcecode.c.h; path = PXTeam.h; sourceTree = "<group>"; };
		6CCAE05116190E290085BBD7 /* PXTeam.m */ = {isa = PBXFileReference; fileEncoding = 4; lastKnownFileType = sourcecode.c.objc; path = PXTeam.m; sourceTree = "<group>"; };
		6CCAE05416190ED90085BBD7 /* PXTeamMember.h */ = {isa = PBXFileReference; fileEncoding = 4; lastKnownFileType = sourcecode.c.h; path = PXTeamMember.h; sourceTree = "<group>"; };
		6CCAE05516190ED90085BBD7 /* PXTeamMember.m */ = {isa = PBXFileReference; fileEncoding = 4; lastKnownFileType = sourcecode.c.objc; path = PXTeamMember.m; sourceTree = "<group>"; };
		6CF934A31618F91100325A8A /* CoreFoundation.framework */ = {isa = PBXFileReference; lastKnownFileType = wrapper.framework; name = CoreFoundation.framework; path = System/Library/Frameworks/CoreFoundation.framework; sourceTree = SDKROOT; };
		6CF934D61618FA6400325A8A /* PlexerLib.framework */ = {isa = PBXFileReference; explicitFileType = wrapper.framework; includeInIndex = 0; path = PlexerLib.framework; sourceTree = BUILT_PRODUCTS_DIR; };
		6CF934DA1618FA6400325A8A /* PlexerLib-Info.plist */ = {isa = PBXFileReference; lastKnownFileType = text.plist.xml; path = "PlexerLib-Info.plist"; sourceTree = "<group>"; };
		6CF934DC1618FA6400325A8A /* en */ = {isa = PBXFileReference; lastKnownFileType = text.plist.strings; name = en; path = en.lproj/InfoPlist.strings; sourceTree = "<group>"; };
		6CF934DE1618FA6400325A8A /* PlexerLib-Prefix.pch */ = {isa = PBXFileReference; lastKnownFileType = sourcecode.c.h; path = "PlexerLib-Prefix.pch"; sourceTree = "<group>"; };
		6CF934E71618FA6400325A8A /* PlexerLibTests.octest */ = {isa = PBXFileReference; explicitFileType = wrapper.cfbundle; includeInIndex = 0; path = PlexerLibTests.octest; sourceTree = BUILT_PRODUCTS_DIR; };
		6CF934EF1618FA6400325A8A /* PlexerLibTests-Info.plist */ = {isa = PBXFileReference; lastKnownFileType = text.plist.xml; path = "PlexerLibTests-Info.plist"; sourceTree = "<group>"; };
		6CF934F11618FA6400325A8A /* en */ = {isa = PBXFileReference; lastKnownFileType = text.plist.strings; name = en; path = en.lproj/InfoPlist.strings; sourceTree = "<group>"; };
		6CF934F31618FA6400325A8A /* PlexerLibTests.h */ = {isa = PBXFileReference; lastKnownFileType = sourcecode.c.h; path = PlexerLibTests.h; sourceTree = "<group>"; };
		6CF934F41618FA6400325A8A /* PlexerLibTests.m */ = {isa = PBXFileReference; lastKnownFileType = sourcecode.c.objc; path = PlexerLibTests.m; sourceTree = "<group>"; };
/* End PBXFileReference section */

/* Begin PBXFrameworksBuildPhase section */
		6C2088EE15F9CA1D009191D7 /* Frameworks */ = {
			isa = PBXFrameworksBuildPhase;
			buildActionMask = 2147483647;
			files = (
				6CCAE05816191A560085BBD7 /* PlexerLib.framework in Frameworks */,
				6C2110491617FF7D008E46A4 /* Carbon.framework in Frameworks */,
				6C2088F615F9CA1D009191D7 /* Cocoa.framework in Frameworks */,
			);
			runOnlyForDeploymentPostprocessing = 0;
		};
		6C20890E15F9CA1D009191D7 /* Frameworks */ = {
			isa = PBXFrameworksBuildPhase;
			buildActionMask = 2147483647;
			files = (
				6C20891415F9CA1D009191D7 /* SenTestingKit.framework in Frameworks */,
				6C20891515F9CA1D009191D7 /* Cocoa.framework in Frameworks */,
			);
			runOnlyForDeploymentPostprocessing = 0;
		};
		6C39D918161EB3770094A387 /* Frameworks */ = {
			isa = PBXFrameworksBuildPhase;
			buildActionMask = 2147483647;
			files = (
				6C39D930161EBA4F0094A387 /* Cocoa.framework in Frameworks */,
				6C39D92F161EBA480094A387 /* Carbon.framework in Frameworks */,
			);
			runOnlyForDeploymentPostprocessing = 0;
		};
		6CF934D21618FA6400325A8A /* Frameworks */ = {
			isa = PBXFrameworksBuildPhase;
			buildActionMask = 2147483647;
			files = (
				6CF934D71618FA6400325A8A /* Cocoa.framework in Frameworks */,
			);
			runOnlyForDeploymentPostprocessing = 0;
		};
		6CF934E31618FA6400325A8A /* Frameworks */ = {
			isa = PBXFrameworksBuildPhase;
			buildActionMask = 2147483647;
			files = (
				6CF934E81618FA6400325A8A /* SenTestingKit.framework in Frameworks */,
				6CF934E91618FA6400325A8A /* Cocoa.framework in Frameworks */,
				6CF934EC1618FA6400325A8A /* PlexerLib.framework in Frameworks */,
			);
			runOnlyForDeploymentPostprocessing = 0;
		};
/* End PBXFrameworksBuildPhase section */

/* Begin PBXGroup section */
		6C2088E615F9CA1D009191D7 = {
			isa = PBXGroup;
			children = (
				6C2088FB15F9CA1D009191D7 /* PlexerApp */,
				6C39D91D161EB3770094A387 /* PlexerHelper */,
				6CF934D81618FA6400325A8A /* PlexerLib */,
				6C20891815F9CA1D009191D7 /* PlexerTests */,
				6CF934ED1618FA6400325A8A /* PlexerLibTests */,
				6C2088F415F9CA1D009191D7 /* Frameworks */,
				6C2088F215F9CA1D009191D7 /* Products */,
			);
			sourceTree = "<group>";
		};
		6C2088F215F9CA1D009191D7 /* Products */ = {
			isa = PBXGroup;
			children = (
				6C2088F115F9CA1D009191D7 /* Plexer.app */,
				6C20891215F9CA1D009191D7 /* PlexerTests.octest */,
				6CF934D61618FA6400325A8A /* PlexerLib.framework */,
				6CF934E71618FA6400325A8A /* PlexerLibTests.octest */,
				6C39D91B161EB3770094A387 /* com.kiadsoftware.PlexerHelper.xpc */,
			);
			name = Products;
			sourceTree = "<group>";
		};
		6C2088F415F9CA1D009191D7 /* Frameworks */ = {
			isa = PBXGroup;
			children = (
				6C2110481617FF7D008E46A4 /* Carbon.framework */,
				6C2088F515F9CA1D009191D7 /* Cocoa.framework */,
				6C20891315F9CA1D009191D7 /* SenTestingKit.framework */,
				6C8655CC1616AA4000DBEAA3 /* Foundation.framework */,
				6CF934A31618F91100325A8A /* CoreFoundation.framework */,
				6C2088F715F9CA1D009191D7 /* Other Frameworks */,
			);
			name = Frameworks;
			sourceTree = "<group>";
		};
		6C2088F715F9CA1D009191D7 /* Other Frameworks */ = {
			isa = PBXGroup;
			children = (
				6C2088F815F9CA1D009191D7 /* AppKit.framework */,
				6C2088F915F9CA1D009191D7 /* CoreData.framework */,
				6C2088FA15F9CA1D009191D7 /* Foundation.framework */,
			);
			name = "Other Frameworks";
			sourceTree = "<group>";
		};
		6C2088FB15F9CA1D009191D7 /* PlexerApp */ = {
			isa = PBXGroup;
			children = (
				6CECE9B915FD49020006A524 /* Application Data */,
				6C2088FC15F9CA1D009191D7 /* Supporting Files */,
				6C20893F15F9E405009191D7 /* Model */,
				6C20893115F9D16A009191D7 /* Views */,
				6C20893315F9D7AE009191D7 /* Controllers */,
				6C20890715F9CA1D009191D7 /* PXAppDelegate.h */,
				6C20890815F9CA1D009191D7 /* PXAppDelegate.m */,
			);
			name = PlexerApp;
			path = Plexer;
			sourceTree = "<group>";
		};
		6C2088FC15F9CA1D009191D7 /* Supporting Files */ = {
			isa = PBXGroup;
			children = (
				6CBC90B3161CF91F0082AC56 /* Plexer.entitlements */,
				6C2088FD15F9CA1D009191D7 /* Plexer-Info.plist */,
				6C2088FE15F9CA1D009191D7 /* InfoPlist.strings */,
				6C20890115F9CA1D009191D7 /* main.m */,
				6C20890315F9CA1D009191D7 /* Plexer-Prefix.pch */,
				6C20890415F9CA1D009191D7 /* Credits.rtf */,
			);
			name = "Supporting Files";
			sourceTree = "<group>";
		};
		6C20891815F9CA1D009191D7 /* PlexerTests */ = {
			isa = PBXGroup;
			children = (
				6C20891E15F9CA1D009191D7 /* PlexerTests.h */,
				6C20891F15F9CA1D009191D7 /* PlexerTests.m */,
				6C20891915F9CA1D009191D7 /* Supporting Files */,
			);
			path = PlexerTests;
			sourceTree = "<group>";
		};
		6C20891915F9CA1D009191D7 /* Supporting Files */ = {
			isa = PBXGroup;
			children = (
				6C20891A15F9CA1D009191D7 /* PlexerTests-Info.plist */,
				6C20891B15F9CA1D009191D7 /* InfoPlist.strings */,
			);
			name = "Supporting Files";
			sourceTree = "<group>";
		};
		6C20893115F9D16A009191D7 /* Views */ = {
			isa = PBXGroup;
			children = (
				6C20890A15F9CA1D009191D7 /* MainMenu.xib */,
			);
			name = Views;
			sourceTree = "<group>";
		};
		6C20893315F9D7AE009191D7 /* Controllers */ = {
			isa = PBXGroup;
			children = (
				6C93E8CD1616DFB1005A5593 /* UI */,
			);
			name = Controllers;
			sourceTree = "<group>";
		};
		6C20893F15F9E405009191D7 /* Model */ = {
			isa = PBXGroup;
			children = (
				6CC4844315FF14DD00B9A110 /* PXTeamDocument.h */,
				6CC4844415FF14DD00B9A110 /* PXTeamDocument.m */,
			);
			name = Model;
			sourceTree = "<group>";
		};
		6C39D91D161EB3770094A387 /* PlexerHelper */ = {
			isa = PBXGroup;
			children = (
				6C39D91E161EB3770094A387 /* Supporting Files */,
				6C39D924161EB3770094A387 /* main.m */,
				6C39D92C161EB3EC0094A387 /* PXBroadcastController.h */,
				6C39D92D161EB3EC0094A387 /* PXBroadcastController.m */,
				6C39283D161F9C100088617A /* PXMappedKeyStore.h */,
				6C39283E161F9C100088617A /* PXMappedKeyStore.m */,
			);
			path = PlexerHelper;
			sourceTree = "<group>";
		};
		6C39D91E161EB3770094A387 /* Supporting Files */ = {
			isa = PBXGroup;
			children = (
				6C39D91F161EB3770094A387 /* PlexerHelper-Info.plist */,
				6C39D920161EB3770094A387 /* InfoPlist.strings */,
				6C39D923161EB3770094A387 /* PlexerHelper-Prefix.pch */,
			);
			name = "Supporting Files";
			sourceTree = "<group>";
		};
		6C93E8CD1616DFB1005A5593 /* UI */ = {
			isa = PBXGroup;
			children = (
				6C39D905161E99D70094A387 /* PXTeamDocumentWindowController.h */,
				6C39D906161E99D70094A387 /* PXTeamDocumentWindowController.m */,
			);
			name = UI;
			sourceTree = "<group>";
		};
		6CECE9B915FD49020006A524 /* Application Data */ = {
			isa = PBXGroup;
			children = (
				6C93E8CB1616DCFE005A5593 /* DefaultSettings.plist */,
				6C93E8D11616E14E005A5593 /* SampleTeam.plist */,
			);
			path = "Application Data";
			sourceTree = "<group>";
		};
		6CF934D81618FA6400325A8A /* PlexerLib */ = {
			isa = PBXGroup;
			children = (
				6CF934D91618FA6400325A8A /* Supporting Files */,
				6CCAE04E1619056F0085BBD7 /* PlexerLib.h */,
				6CCAE0421618FB8C0085BBD7 /* PXApplication.h */,
				6CCAE0431618FB8C0085BBD7 /* PXApplication.m */,
				6CCAE05016190E290085BBD7 /* PXTeam.h */,
				6CCAE05116190E290085BBD7 /* PXTeam.m */,
				6CCAE05416190ED90085BBD7 /* PXTeamMember.h */,
				6CCAE05516190ED90085BBD7 /* PXTeamMember.m */,
			);
			path = PlexerLib;
			sourceTree = "<group>";
		};
		6CF934D91618FA6400325A8A /* Supporting Files */ = {
			isa = PBXGroup;
			children = (
				6CF934DA1618FA6400325A8A /* PlexerLib-Info.plist */,
				6CF934DB1618FA6400325A8A /* InfoPlist.strings */,
				6CF934DE1618FA6400325A8A /* PlexerLib-Prefix.pch */,
			);
			name = "Supporting Files";
			sourceTree = "<group>";
		};
		6CF934ED1618FA6400325A8A /* PlexerLibTests */ = {
			isa = PBXGroup;
			children = (
				6CF934F31618FA6400325A8A /* PlexerLibTests.h */,
				6CF934F41618FA6400325A8A /* PlexerLibTests.m */,
				6CF934EE1618FA6400325A8A /* Supporting Files */,
			);
			path = PlexerLibTests;
			sourceTree = "<group>";
		};
		6CF934EE1618FA6400325A8A /* Supporting Files */ = {
			isa = PBXGroup;
			children = (
				6CF934EF1618FA6400325A8A /* PlexerLibTests-Info.plist */,
				6CF934F01618FA6400325A8A /* InfoPlist.strings */,
			);
			name = "Supporting Files";
			sourceTree = "<group>";
		};
/* End PBXGroup section */

/* Begin PBXHeadersBuildPhase section */
		6CF934D31618FA6400325A8A /* Headers */ = {
			isa = PBXHeadersBuildPhase;
			buildActionMask = 2147483647;
			files = (
				6CCAE04F161905A20085BBD7 /* PlexerLib.h in Headers */,
				6CCAE0441618FB8C0085BBD7 /* PXApplication.h in Headers */,
				6CCAE05216190E2A0085BBD7 /* PXTeam.h in Headers */,
				6CCAE05616190ED90085BBD7 /* PXTeamMember.h in Headers */,
			);
			runOnlyForDeploymentPostprocessing = 0;
		};
/* End PBXHeadersBuildPhase section */

/* Begin PBXNativeTarget section */
		6C2088F015F9CA1D009191D7 /* Plexer */ = {
			isa = PBXNativeTarget;
			buildConfigurationList = 6C20892315F9CA1D009191D7 /* Build configuration list for PBXNativeTarget "Plexer" */;
			buildPhases = (
				6C2088ED15F9CA1D009191D7 /* Sources */,
				6C2088EE15F9CA1D009191D7 /* Frameworks */,
				6C2088EF15F9CA1D009191D7 /* Resources */,
				6C39D901161E96430094A387 /* CopyFiles */,
			);
			buildRules = (
			);
			dependencies = (
				6C39D92A161EB38F0094A387 /* PBXTargetDependency */,
			);
			name = Plexer;
			productName = Plexer;
			productReference = 6C2088F115F9CA1D009191D7 /* Plexer.app */;
			productType = "com.apple.product-type.application";
		};
		6C20891115F9CA1D009191D7 /* PlexerTests */ = {
			isa = PBXNativeTarget;
			buildConfigurationList = 6C20892615F9CA1D009191D7 /* Build configuration list for PBXNativeTarget "PlexerTests" */;
			buildPhases = (
				6C20890D15F9CA1D009191D7 /* Sources */,
				6C20890E15F9CA1D009191D7 /* Frameworks */,
				6C20890F15F9CA1D009191D7 /* Resources */,
				6C20891015F9CA1D009191D7 /* ShellScript */,
			);
			buildRules = (
			);
			dependencies = (
				6C20891715F9CA1D009191D7 /* PBXTargetDependency */,
			);
			name = PlexerTests;
			productName = PlexerTests;
			productReference = 6C20891215F9CA1D009191D7 /* PlexerTests.octest */;
			productType = "com.apple.product-type.bundle";
		};
		6C39D91A161EB3770094A387 /* PlexerHelper */ = {
			isa = PBXNativeTarget;
			buildConfigurationList = 6C39D926161EB3770094A387 /* Build configuration list for PBXNativeTarget "PlexerHelper" */;
			buildPhases = (
				6C39D917161EB3770094A387 /* Sources */,
				6C39D918161EB3770094A387 /* Frameworks */,
				6C39D919161EB3770094A387 /* Resources */,
			);
			buildRules = (
			);
			dependencies = (
			);
			name = PlexerHelper;
			productName = PlexerHelper;
			productReference = 6C39D91B161EB3770094A387 /* com.kiadsoftware.PlexerHelper.xpc */;
			productType = "com.apple.product-type.bundle";
		};
		6CF934D51618FA6400325A8A /* PlexerLib */ = {
			isa = PBXNativeTarget;
			buildConfigurationList = 6CF934F61618FA6400325A8A /* Build configuration list for PBXNativeTarget "PlexerLib" */;
			buildPhases = (
				6CF934D11618FA6400325A8A /* Sources */,
				6CF934D21618FA6400325A8A /* Frameworks */,
				6CF934D31618FA6400325A8A /* Headers */,
				6CF934D41618FA6400325A8A /* Resources */,
			);
			buildRules = (
			);
			dependencies = (
			);
			name = PlexerLib;
			productName = PlexerLib;
			productReference = 6CF934D61618FA6400325A8A /* PlexerLib.framework */;
			productType = "com.apple.product-type.framework";
		};
		6CF934E61618FA6400325A8A /* PlexerLibTests */ = {
			isa = PBXNativeTarget;
			buildConfigurationList = 6CF934F91618FA6400325A8A /* Build configuration list for PBXNativeTarget "PlexerLibTests" */;
			buildPhases = (
				6CF934E21618FA6400325A8A /* Sources */,
				6CF934E31618FA6400325A8A /* Frameworks */,
				6CF934E41618FA6400325A8A /* Resources */,
				6CF934E51618FA6400325A8A /* ShellScript */,
			);
			buildRules = (
			);
			dependencies = (
				6CF934EB1618FA6400325A8A /* PBXTargetDependency */,
			);
			name = PlexerLibTests;
			productName = PlexerLibTests;
			productReference = 6CF934E71618FA6400325A8A /* PlexerLibTests.octest */;
			productType = "com.apple.product-type.bundle";
		};
/* End PBXNativeTarget section */

/* Begin PBXProject section */
		6C2088E815F9CA1D009191D7 /* Project object */ = {
			isa = PBXProject;
			attributes = {
				CLASSPREFIX = PX;
				LastUpgradeCheck = 0440;
				ORGANIZATIONNAME = "Kiad Software";
			};
			buildConfigurationList = 6C2088EB15F9CA1D009191D7 /* Build configuration list for PBXProject "Plexer" */;
			compatibilityVersion = "Xcode 3.2";
			developmentRegion = English;
			hasScannedForEncodings = 0;
			knownRegions = (
				en,
			);
			mainGroup = 6C2088E615F9CA1D009191D7;
			productRefGroup = 6C2088F215F9CA1D009191D7 /* Products */;
			projectDirPath = "";
			projectRoot = "";
			targets = (
				6C2088F015F9CA1D009191D7 /* Plexer */,
				6C39D91A161EB3770094A387 /* PlexerHelper */,
				6CF934D51618FA6400325A8A /* PlexerLib */,
				6C20891115F9CA1D009191D7 /* PlexerTests */,
				6CF934E61618FA6400325A8A /* PlexerLibTests */,
			);
		};
/* End PBXProject section */

/* Begin PBXResourcesBuildPhase section */
		6C2088EF15F9CA1D009191D7 /* Resources */ = {
			isa = PBXResourcesBuildPhase;
			buildActionMask = 2147483647;
			files = (
				6C93E8D21616E17E005A5593 /* SampleTeam.plist in Resources */,
				6C20890015F9CA1D009191D7 /* InfoPlist.strings in Resources */,
				6C20890615F9CA1D009191D7 /* Credits.rtf in Resources */,
				6C20890C15F9CA1D009191D7 /* MainMenu.xib in Resources */,
				6C93E8CC1616DCFE005A5593 /* DefaultSettings.plist in Resources */,
			);
			runOnlyForDeploymentPostprocessing = 0;
		};
		6C20890F15F9CA1D009191D7 /* Resources */ = {
			isa = PBXResourcesBuildPhase;
			buildActionMask = 2147483647;
			files = (
				6C20891D15F9CA1D009191D7 /* InfoPlist.strings in Resources */,
			);
			runOnlyForDeploymentPostprocessing = 0;
		};
		6C39D919161EB3770094A387 /* Resources */ = {
			isa = PBXResourcesBuildPhase;
			buildActionMask = 2147483647;
			files = (
				6C39D922161EB3770094A387 /* InfoPlist.strings in Resources */,
			);
			runOnlyForDeploymentPostprocessing = 0;
		};
		6CF934D41618FA6400325A8A /* Resources */ = {
			isa = PBXResourcesBuildPhase;
			buildActionMask = 2147483647;
			files = (
				6CF934DD1618FA6400325A8A /* InfoPlist.strings in Resources */,
			);
			runOnlyForDeploymentPostprocessing = 0;
		};
		6CF934E41618FA6400325A8A /* Resources */ = {
			isa = PBXResourcesBuildPhase;
			buildActionMask = 2147483647;
			files = (
				6CF934F21618FA6400325A8A /* InfoPlist.strings in Resources */,
			);
			runOnlyForDeploymentPostprocessing = 0;
		};
/* End PBXResourcesBuildPhase section */

/* Begin PBXShellScriptBuildPhase section */
		6C20891015F9CA1D009191D7 /* ShellScript */ = {
			isa = PBXShellScriptBuildPhase;
			buildActionMask = 2147483647;
			files = (
			);
			inputPaths = (
			);
			outputPaths = (
			);
			runOnlyForDeploymentPostprocessing = 0;
			shellPath = /bin/sh;
			shellScript = "# Run the unit tests in this test bundle.\n\"${SYSTEM_DEVELOPER_DIR}/Tools/RunUnitTests\"\n";
		};
		6CF934E51618FA6400325A8A /* ShellScript */ = {
			isa = PBXShellScriptBuildPhase;
			buildActionMask = 2147483647;
			files = (
			);
			inputPaths = (
			);
			outputPaths = (
			);
			runOnlyForDeploymentPostprocessing = 0;
			shellPath = /bin/sh;
			shellScript = "# Run the unit tests in this test bundle.\n\"${SYSTEM_DEVELOPER_DIR}/Tools/RunUnitTests\"\n";
		};
/* End PBXShellScriptBuildPhase section */

/* Begin PBXSourcesBuildPhase section */
		6C2088ED15F9CA1D009191D7 /* Sources */ = {
			isa = PBXSourcesBuildPhase;
			buildActionMask = 2147483647;
			files = (
				6C20890215F9CA1D009191D7 /* main.m in Sources */,
				6C20890915F9CA1D009191D7 /* PXAppDelegate.m in Sources */,
				6CC4844615FF14DD00B9A110 /* PXTeamDocument.m in Sources */,
				6C39D907161E99D70094A387 /* PXTeamDocumentWindowController.m in Sources */,
			);
			runOnlyForDeploymentPostprocessing = 0;
		};
		6C20890D15F9CA1D009191D7 /* Sources */ = {
			isa = PBXSourcesBuildPhase;
			buildActionMask = 2147483647;
			files = (
				6C20892015F9CA1D009191D7 /* PlexerTests.m in Sources */,
			);
			runOnlyForDeploymentPostprocessing = 0;
		};
		6C39D917161EB3770094A387 /* Sources */ = {
			isa = PBXSourcesBuildPhase;
			buildActionMask = 2147483647;
			files = (
				6C39D925161EB3770094A387 /* main.m in Sources */,
				6C39283F161F9C100088617A /* PXMappedKeyStore.m in Sources */,
				6C392841161FA5DF0088617A /* PXBroadcastController.m in Sources */,
			);
			runOnlyForDeploymentPostprocessing = 0;
		};
		6CF934D11618FA6400325A8A /* Sources */ = {
			isa = PBXSourcesBuildPhase;
			buildActionMask = 2147483647;
			files = (
				6CCAE0451618FB8C0085BBD7 /* PXApplication.m in Sources */,
				6CCAE05316190E2A0085BBD7 /* PXTeam.m in Sources */,
				6CCAE05716190ED90085BBD7 /* PXTeamMember.m in Sources */,
			);
			runOnlyForDeploymentPostprocessing = 0;
		};
		6CF934E21618FA6400325A8A /* Sources */ = {
			isa = PBXSourcesBuildPhase;
			buildActionMask = 2147483647;
			files = (
				6CF934F51618FA6400325A8A /* PlexerLibTests.m in Sources */,
			);
			runOnlyForDeploymentPostprocessing = 0;
		};
/* End PBXSourcesBuildPhase section */

/* Begin PBXTargetDependency section */
		6C20891715F9CA1D009191D7 /* PBXTargetDependency */ = {
			isa = PBXTargetDependency;
			target = 6C2088F015F9CA1D009191D7 /* Plexer */;
			targetProxy = 6C20891615F9CA1D009191D7 /* PBXContainerItemProxy */;
		};
		6C39D92A161EB38F0094A387 /* PBXTargetDependency */ = {
			isa = PBXTargetDependency;
			target = 6C39D91A161EB3770094A387 /* PlexerHelper */;
			targetProxy = 6C39D929161EB38F0094A387 /* PBXContainerItemProxy */;
		};
		6CF934EB1618FA6400325A8A /* PBXTargetDependency */ = {
			isa = PBXTargetDependency;
			target = 6CF934D51618FA6400325A8A /* PlexerLib */;
			targetProxy = 6CF934EA1618FA6400325A8A /* PBXContainerItemProxy */;
		};
/* End PBXTargetDependency section */

/* Begin PBXVariantGroup section */
		6C2088FE15F9CA1D009191D7 /* InfoPlist.strings */ = {
			isa = PBXVariantGroup;
			children = (
				6C2088FF15F9CA1D009191D7 /* en */,
			);
			name = InfoPlist.strings;
			sourceTree = "<group>";
		};
		6C20890415F9CA1D009191D7 /* Credits.rtf */ = {
			isa = PBXVariantGroup;
			children = (
				6C20890515F9CA1D009191D7 /* en */,
			);
			name = Credits.rtf;
			sourceTree = "<group>";
		};
		6C20890A15F9CA1D009191D7 /* MainMenu.xib */ = {
			isa = PBXVariantGroup;
			children = (
				6C20890B15F9CA1D009191D7 /* en */,
			);
			name = MainMenu.xib;
			sourceTree = "<group>";
		};
		6C20891B15F9CA1D009191D7 /* InfoPlist.strings */ = {
			isa = PBXVariantGroup;
			children = (
				6C20891C15F9CA1D009191D7 /* en */,
			);
			name = InfoPlist.strings;
			sourceTree = "<group>";
		};
		6C39D920161EB3770094A387 /* InfoPlist.strings */ = {
			isa = PBXVariantGroup;
			children = (
				6C39D921161EB3770094A387 /* en */,
			);
			name = InfoPlist.strings;
			sourceTree = "<group>";
		};
		6CF934DB1618FA6400325A8A /* InfoPlist.strings */ = {
			isa = PBXVariantGroup;
			children = (
				6CF934DC1618FA6400325A8A /* en */,
			);
			name = InfoPlist.strings;
			sourceTree = "<group>";
		};
		6CF934F01618FA6400325A8A /* InfoPlist.strings */ = {
			isa = PBXVariantGroup;
			children = (
				6CF934F11618FA6400325A8A /* en */,
			);
			name = InfoPlist.strings;
			sourceTree = "<group>";
		};
/* End PBXVariantGroup section */

/* Begin XCBuildConfiguration section */
		6C20892115F9CA1D009191D7 /* Debug */ = {
			isa = XCBuildConfiguration;
			buildSettings = {
				ALWAYS_SEARCH_USER_PATHS = NO;
				ARCHS = "$(ARCHS_STANDARD_64_BIT)";
				CLANG_CXX_LANGUAGE_STANDARD = "gnu++0x";
				CLANG_ENABLE_OBJC_ARC = YES;
				CLANG_WARN__DUPLICATE_METHOD_MATCH = YES;
				COPY_PHASE_STRIP = NO;
				GCC_C_LANGUAGE_STANDARD = gnu99;
				GCC_DYNAMIC_NO_PIC = NO;
				GCC_ENABLE_OBJC_EXCEPTIONS = YES;
				GCC_OPTIMIZATION_LEVEL = 0;
				GCC_PREPROCESSOR_DEFINITIONS = (
					"DEBUG=1",
					"$(inherited)",
				);
				GCC_SYMBOLS_PRIVATE_EXTERN = NO;
				GCC_WARN_64_TO_32_BIT_CONVERSION = YES;
				GCC_WARN_ABOUT_RETURN_TYPE = YES;
				GCC_WARN_UNINITIALIZED_AUTOS = YES;
				GCC_WARN_UNUSED_VARIABLE = YES;
				MACOSX_DEPLOYMENT_TARGET = 10.8;
				ONLY_ACTIVE_ARCH = YES;
				SDKROOT = macosx;
			};
			name = Debug;
		};
		6C20892215F9CA1D009191D7 /* Release */ = {
			isa = XCBuildConfiguration;
			buildSettings = {
				ALWAYS_SEARCH_USER_PATHS = NO;
				ARCHS = "$(ARCHS_STANDARD_64_BIT)";
				CLANG_CXX_LANGUAGE_STANDARD = "gnu++0x";
				CLANG_ENABLE_OBJC_ARC = YES;
				CLANG_WARN__DUPLICATE_METHOD_MATCH = YES;
				COPY_PHASE_STRIP = YES;
				DEBUG_INFORMATION_FORMAT = "dwarf-with-dsym";
				GCC_C_LANGUAGE_STANDARD = gnu99;
				GCC_ENABLE_OBJC_EXCEPTIONS = YES;
				GCC_WARN_64_TO_32_BIT_CONVERSION = YES;
				GCC_WARN_ABOUT_RETURN_TYPE = YES;
				GCC_WARN_UNINITIALIZED_AUTOS = YES;
				GCC_WARN_UNUSED_VARIABLE = YES;
				MACOSX_DEPLOYMENT_TARGET = 10.8;
				SDKROOT = macosx;
			};
			name = Release;
		};
		6C20892415F9CA1D009191D7 /* Debug */ = {
			isa = XCBuildConfiguration;
			buildSettings = {
				CODE_SIGN_ENTITLEMENTS = Plexer/Plexer.entitlements;
				CODE_SIGN_IDENTITY = "Mac Developer";
				COMBINE_HIDPI_IMAGES = YES;
				GCC_PRECOMPILE_PREFIX_HEADER = YES;
				GCC_PREFIX_HEADER = "Plexer/Plexer-Prefix.pch";
				INFOPLIST_FILE = "$(SRCROOT)/Plexer/Plexer-Info.plist";
				MACOSX_DEPLOYMENT_TARGET = 10.7;
				PRODUCT_NAME = "$(TARGET_NAME)";
				PROVISIONING_PROFILE = "";
				WRAPPER_EXTENSION = app;
			};
			name = Debug;
		};
		6C20892515F9CA1D009191D7 /* Release */ = {
			isa = XCBuildConfiguration;
			buildSettings = {
				CODE_SIGN_ENTITLEMENTS = Plexer/Plexer.entitlements;
				CODE_SIGN_IDENTITY = "Mac Developer";
				COMBINE_HIDPI_IMAGES = YES;
				GCC_PRECOMPILE_PREFIX_HEADER = YES;
				GCC_PREFIX_HEADER = "Plexer/Plexer-Prefix.pch";
				INFOPLIST_FILE = "$(SRCROOT)/Plexer/Plexer-Info.plist";
				MACOSX_DEPLOYMENT_TARGET = 10.7;
				PRODUCT_NAME = "$(TARGET_NAME)";
				PROVISIONING_PROFILE = "";
				WRAPPER_EXTENSION = app;
			};
			name = Release;
		};
		6C20892715F9CA1D009191D7 /* Debug */ = {
			isa = XCBuildConfiguration;
			buildSettings = {
				BUNDLE_LOADER = "$(BUILT_PRODUCTS_DIR)/Plexer.app/Contents/MacOS/Plexer";
				COMBINE_HIDPI_IMAGES = YES;
				FRAMEWORK_SEARCH_PATHS = "\"$(DEVELOPER_LIBRARY_DIR)/Frameworks\"";
				GCC_PRECOMPILE_PREFIX_HEADER = YES;
				GCC_PREFIX_HEADER = "Plexer/Plexer-Prefix.pch";
				INFOPLIST_FILE = "PlexerTests/PlexerTests-Info.plist";
				PRODUCT_NAME = "$(TARGET_NAME)";
				TEST_AFTER_BUILD = NO;
				TEST_HOST = "$(BUNDLE_LOADER)";
				WRAPPER_EXTENSION = octest;
			};
			name = Debug;
		};
		6C20892815F9CA1D009191D7 /* Release */ = {
			isa = XCBuildConfiguration;
			buildSettings = {
				BUNDLE_LOADER = "$(BUILT_PRODUCTS_DIR)/Plexer.app/Contents/MacOS/Plexer";
				COMBINE_HIDPI_IMAGES = YES;
				FRAMEWORK_SEARCH_PATHS = "\"$(DEVELOPER_LIBRARY_DIR)/Frameworks\"";
				GCC_PRECOMPILE_PREFIX_HEADER = YES;
				GCC_PREFIX_HEADER = "Plexer/Plexer-Prefix.pch";
				INFOPLIST_FILE = "PlexerTests/PlexerTests-Info.plist";
				PRODUCT_NAME = "$(TARGET_NAME)";
				TEST_AFTER_BUILD = NO;
				TEST_HOST = "$(BUNDLE_LOADER)";
				WRAPPER_EXTENSION = octest;
			};
			name = Release;
		};
		6C39D927161EB3770094A387 /* Debug */ = {
			isa = XCBuildConfiguration;
			buildSettings = {
				CLANG_CXX_LIBRARY = "libc++";
				CLANG_WARN_EMPTY_BODY = YES;
				COMBINE_HIDPI_IMAGES = YES;
				GCC_PRECOMPILE_PREFIX_HEADER = YES;
				GCC_PREFIX_HEADER = "PlexerHelper/PlexerHelper-Prefix.pch";
				INFOPLIST_FILE = "PlexerHelper/PlexerHelper-Info.plist";
				MACH_O_TYPE = mh_execute;
				PRODUCT_NAME = "com.kiadsoftware.$(TARGET_NAME:rfc1034identifier)";
				WRAPPER_EXTENSION = xpc;
			};
			name = Debug;
		};
		6C39D928161EB3770094A387 /* Release */ = {
			isa = XCBuildConfiguration;
			buildSettings = {
				CLANG_CXX_LIBRARY = "libc++";
				CLANG_WARN_EMPTY_BODY = YES;
				COMBINE_HIDPI_IMAGES = YES;
				GCC_PRECOMPILE_PREFIX_HEADER = YES;
				GCC_PREFIX_HEADER = "PlexerHelper/PlexerHelper-Prefix.pch";
				INFOPLIST_FILE = "PlexerHelper/PlexerHelper-Info.plist";
				MACH_O_TYPE = mh_execute;
				PRODUCT_NAME = "com.kiadsoftware.$(TARGET_NAME:rfc1034identifier)";
				WRAPPER_EXTENSION = xpc;
			};
			name = Release;
		};
		6CF934F71618FA6400325A8A /* Debug */ = {
			isa = XCBuildConfiguration;
			buildSettings = {
				CLANG_CXX_LIBRARY = "libc++";
				CLANG_WARN_EMPTY_BODY = YES;
				COMBINE_HIDPI_IMAGES = YES;
				DYLIB_COMPATIBILITY_VERSION = 1;
				DYLIB_CURRENT_VERSION = 1;
				FRAMEWORK_VERSION = A;
				GCC_PRECOMPILE_PREFIX_HEADER = YES;
				GCC_PREFIX_HEADER = "PlexerLib/PlexerLib-Prefix.pch";
				INFOPLIST_FILE = "PlexerLib/PlexerLib-Info.plist";
				PRODUCT_NAME = "$(TARGET_NAME)";
				WRAPPER_EXTENSION = framework;
			};
			name = Debug;
		};
		6CF934F81618FA6400325A8A /* Release */ = {
			isa = XCBuildConfiguration;
			buildSettings = {
				CLANG_CXX_LIBRARY = "libc++";
				CLANG_WARN_EMPTY_BODY = YES;
				COMBINE_HIDPI_IMAGES = YES;
				DYLIB_COMPATIBILITY_VERSION = 1;
				DYLIB_CURRENT_VERSION = 1;
				FRAMEWORK_VERSION = A;
				GCC_PRECOMPILE_PREFIX_HEADER = YES;
				GCC_PREFIX_HEADER = "PlexerLib/PlexerLib-Prefix.pch";
				INFOPLIST_FILE = "PlexerLib/PlexerLib-Info.plist";
				PRODUCT_NAME = "$(TARGET_NAME)";
				WRAPPER_EXTENSION = framework;
			};
			name = Release;
		};
		6CF934FA1618FA6400325A8A /* Debug */ = {
			isa = XCBuildConfiguration;
			buildSettings = {
				CLANG_CXX_LIBRARY = "libc++";
				CLANG_WARN_EMPTY_BODY = YES;
				COMBINE_HIDPI_IMAGES = YES;
				FRAMEWORK_SEARCH_PATHS = "\"$(DEVELOPER_LIBRARY_DIR)/Frameworks\"";
				GCC_PRECOMPILE_PREFIX_HEADER = YES;
				GCC_PREFIX_HEADER = "PlexerLib/PlexerLib-Prefix.pch";
				INFOPLIST_FILE = "PlexerLibTests/PlexerLibTests-Info.plist";
				PRODUCT_NAME = "$(TARGET_NAME)";
				WRAPPER_EXTENSION = octest;
			};
			name = Debug;
		};
		6CF934FB1618FA6400325A8A /* Release */ = {
			isa = XCBuildConfiguration;
			buildSettings = {
				CLANG_CXX_LIBRARY = "libc++";
				CLANG_WARN_EMPTY_BODY = YES;
				COMBINE_HIDPI_IMAGES = YES;
				FRAMEWORK_SEARCH_PATHS = "\"$(DEVELOPER_LIBRARY_DIR)/Frameworks\"";
				GCC_PRECOMPILE_PREFIX_HEADER = YES;
				GCC_PREFIX_HEADER = "PlexerLib/PlexerLib-Prefix.pch";
				INFOPLIST_FILE = "PlexerLibTests/PlexerLibTests-Info.plist";
				PRODUCT_NAME = "$(TARGET_NAME)";
				WRAPPER_EXTENSION = octest;
			};
			name = Release;
		};
/* End XCBuildConfiguration section */

/* Begin XCConfigurationList section */
		6C2088EB15F9CA1D009191D7 /* Build configuration list for PBXProject "Plexer" */ = {
			isa = XCConfigurationList;
			buildConfigurations = (
				6C20892115F9CA1D009191D7 /* Debug */,
				6C20892215F9CA1D009191D7 /* Release */,
			);
			defaultConfigurationIsVisible = 0;
			defaultConfigurationName = Release;
		};
		6C20892315F9CA1D009191D7 /* Build configuration list for PBXNativeTarget "Plexer" */ = {
			isa = XCConfigurationList;
			buildConfigurations = (
				6C20892415F9CA1D009191D7 /* Debug */,
				6C20892515F9CA1D009191D7 /* Release */,
			);
			defaultConfigurationIsVisible = 0;
			defaultConfigurationName = Release;
		};
		6C20892615F9CA1D009191D7 /* Build configuration list for PBXNativeTarget "PlexerTests" */ = {
			isa = XCConfigurationList;
			buildConfigurations = (
				6C20892715F9CA1D009191D7 /* Debug */,
				6C20892815F9CA1D009191D7 /* Release */,
			);
			defaultConfigurationIsVisible = 0;
			defaultConfigurationName = Release;
		};
		6C39D926161EB3770094A387 /* Build configuration list for PBXNativeTarget "PlexerHelper" */ = {
			isa = XCConfigurationList;
			buildConfigurations = (
				6C39D927161EB3770094A387 /* Debug */,
				6C39D928161EB3770094A387 /* Release */,
			);
			defaultConfigurationIsVisible = 0;
			defaultConfigurationName = Release;
		};
		6CF934F61618FA6400325A8A /* Build configuration list for PBXNativeTarget "PlexerLib" */ = {
			isa = XCConfigurationList;
			buildConfigurations = (
				6CF934F71618FA6400325A8A /* Debug */,
				6CF934F81618FA6400325A8A /* Release */,
			);
			defaultConfigurationIsVisible = 0;
			defaultConfigurationName = Release;
		};
		6CF934F91618FA6400325A8A /* Build configuration list for PBXNativeTarget "PlexerLibTests" */ = {
			isa = XCConfigurationList;
			buildConfigurations = (
				6CF934FA1618FA6400325A8A /* Debug */,
				6CF934FB1618FA6400325A8A /* Release */,
			);
			defaultConfigurationIsVisible = 0;
			defaultConfigurationName = Release;
		};
/* End XCConfigurationList section */
	};
	rootObject = 6C2088E815F9CA1D009191D7 /* Project object */;
}
