// !$*UTF8*$!
{
	archiveVersion = 1;
	classes = {
	};
	objectVersion = 45;
	objects = {

/* Begin PBXAggregateTarget section */
		7D8D32AC0FEF565400912722 /* Publish */ = {
			isa = PBXAggregateTarget;
			buildConfigurationList = 7D8D32B00FEF565800912722 /* Build configuration list for PBXAggregateTarget "Publish" */;
			buildPhases = (
				7D8D32AB0FEF565400912722 /* ShellScript */,
			);
			dependencies = (
			);
			name = Publish;
			productName = Publish;
		};
/* End PBXAggregateTarget section */

/* Begin PBXBuildFile section */
		7D1425110FFB504D00708F8B /* BWToolkitFramework.framework in Frameworks */ = {isa = PBXBuildFile; fileRef = 7D1425100FFB504D00708F8B /* BWToolkitFramework.framework */; };
		7D1425140FFB505A00708F8B /* BWToolkitFramework.framework in CopyFiles */ = {isa = PBXBuildFile; fileRef = 7D1425100FFB504D00708F8B /* BWToolkitFramework.framework */; };
		7D1425640FFB535000708F8B /* release-notes.html in Resources */ = {isa = PBXBuildFile; fileRef = 7D1425630FFB535000708F8B /* release-notes.html */; };
		7D1D582C0FDFA0CD00EB29CD /* Plexer_OFF.png in Resources */ = {isa = PBXBuildFile; fileRef = 7D1D582A0FDFA0CD00EB29CD /* Plexer_OFF.png */; };
		7D1D582D0FDFA0CD00EB29CD /* Plexer_ON.png in Resources */ = {isa = PBXBuildFile; fileRef = 7D1D582B0FDFA0CD00EB29CD /* Plexer_ON.png */; };
		7D1D59370FDFB9AE00EB29CD /* Carbon.framework in Frameworks */ = {isa = PBXBuildFile; fileRef = 7D1D59360FDFB9AE00EB29CD /* Carbon.framework */; };
		7D1D67470FF602640013EEB0 /* KSUserSettings.m in Sources */ = {isa = PBXBuildFile; fileRef = 7D1D67460FF602640013EEB0 /* KSUserSettings.m */; };
		7D1D67530FF60B410013EEB0 /* KSConfiguration.m in Sources */ = {isa = PBXBuildFile; fileRef = 7D1D67520FF60B410013EEB0 /* KSConfiguration.m */; };
		7D1D675B0FF6105C0013EEB0 /* KSGeneralSettingsController.m in Sources */ = {isa = PBXBuildFile; fileRef = 7D1D675A0FF6105C0013EEB0 /* KSGeneralSettingsController.m */; };
		7D5D61970FE4C37B00347A73 /* EventHandling.m in Sources */ = {isa = PBXBuildFile; fileRef = 7D5D61960FE4C37B00347A73 /* EventHandling.m */; };
		7D5DEBB30FF9EB60005AB679 /* MainMenu.xib in Resources */ = {isa = PBXBuildFile; fileRef = 7D5DEBB10FF9EB60005AB679 /* MainMenu.xib */; };
		7D8D2FCA0FEDFD3200912722 /* ScriptingBridge.framework in Frameworks */ = {isa = PBXBuildFile; fileRef = 7D8D2FC90FEDFD3200912722 /* ScriptingBridge.framework */; };
		7D8D300D0FEE045300912722 /* System Events.app in Resources */ = {isa = PBXBuildFile; fileRef = 7D8D300C0FEE045300912722 /* System Events.app */; };
		7D8D321F0FEF48D900912722 /* version.xcconfig in Resources */ = {isa = PBXBuildFile; fileRef = 7D8D321E0FEF48D900912722 /* version.xcconfig */; };
		7D8D32A90FEF54A000912722 /* dsa_pub.pem in Resources */ = {isa = PBXBuildFile; fileRef = 7D8D32A80FEF54A000912722 /* dsa_pub.pem */; };
		7D8D33570FEF77A800912722 /* Sparkle.framework in CopyFiles */ = {isa = PBXBuildFile; fileRef = 7D8D33560FEF77A800912722 /* Sparkle.framework */; };
		7D8D33C90FEF8C2B00912722 /* Sparkle.framework in Frameworks */ = {isa = PBXBuildFile; fileRef = 7D8D33560FEF77A800912722 /* Sparkle.framework */; };
		7D91321B10032F3700F24C41 /* KSInfoPanelController.m in Sources */ = {isa = PBXBuildFile; fileRef = 7D91321A10032F3700F24C41 /* KSInfoPanelController.m */; };
		7DA0A82D0FF0A00D006503FC /* PreferencePanes.framework in Frameworks */ = {isa = PBXBuildFile; fileRef = 7DA0A82C0FF0A00D006503FC /* PreferencePanes.framework */; };
		7DA6EB560FF619C50028CA3B /* InfoPlist.strings in Resources */ = {isa = PBXBuildFile; fileRef = 7DA6EB550FF619C50028CA3B /* InfoPlist.strings */; };
		7DA6EB5E0FF61A5F0028CA3B /* KSAppController.m in Sources */ = {isa = PBXBuildFile; fileRef = 7DA6EB5D0FF61A5F0028CA3B /* KSAppController.m */; };
		7DA6EBB00FF626E60028CA3B /* KSConfigurationSettingsController.m in Sources */ = {isa = PBXBuildFile; fileRef = 7DA6EBAF0FF626E60028CA3B /* KSConfigurationSettingsController.m */; };
		8D11072D0486CEB800E47090 /* main.m in Sources */ = {isa = PBXBuildFile; fileRef = 29B97316FDCFA39411CA2CEA /* main.m */; settings = {ATTRIBUTES = (); }; };
		8D11072F0486CEB800E47090 /* Cocoa.framework in Frameworks */ = {isa = PBXBuildFile; fileRef = 1058C7A1FEA54F0111CA2CBB /* Cocoa.framework */; };
/* End PBXBuildFile section */

/* Begin PBXBuildRule section */
		7D8D2FEE0FEE004900912722 /* PBXBuildRule */ = {
			isa = PBXBuildRule;
			compilerSpec = com.apple.compilers.proxy.script;
			filePatterns = "*.app";
			fileType = pattern.proxy;
			isEditable = 1;
			outputFiles = (
				"$(DERIVED_FILES_DIR)/$(INPUT_FILE_BASE).h",
			);
			script = "sdef \"$INPUT_FILE_PATH\" | sdp -fh -o \"$DERIVED_FILES_DIR\" --basename \"$INPUT_FILE_BASE\" --bundleid `defaults read \"$INPUT_FILE_PATH/Contents/Info\" CFBundleIdentifier`";
		};
/* End PBXBuildRule section */

/* Begin PBXCopyFilesBuildPhase section */
		7D8D32A70FEF537700912722 /* CopyFiles */ = {
			isa = PBXCopyFilesBuildPhase;
			buildActionMask = 2147483647;
			dstPath = "";
			dstSubfolderSpec = 10;
			files = (
				7D1425140FFB505A00708F8B /* BWToolkitFramework.framework in CopyFiles */,
				7D8D33570FEF77A800912722 /* Sparkle.framework in CopyFiles */,
			);
			runOnlyForDeploymentPostprocessing = 0;
		};
/* End PBXCopyFilesBuildPhase section */

/* Begin PBXFileReference section */
		089C165DFE840E0CC02AAC07 /* English */ = {isa = PBXFileReference; fileEncoding = 10; lastKnownFileType = text.plist.strings; name = English; path = English.lproj/InfoPlist.strings; sourceTree = "<group>"; };
		1058C7A1FEA54F0111CA2CBB /* Cocoa.framework */ = {isa = PBXFileReference; lastKnownFileType = wrapper.framework; name = Cocoa.framework; path = /System/Library/Frameworks/Cocoa.framework; sourceTree = "<absolute>"; };
		13E42FB307B3F0F600E4EEF1 /* CoreData.framework */ = {isa = PBXFileReference; lastKnownFileType = wrapper.framework; name = CoreData.framework; path = /System/Library/Frameworks/CoreData.framework; sourceTree = "<absolute>"; };
		29B97316FDCFA39411CA2CEA /* main.m */ = {isa = PBXFileReference; fileEncoding = 4; lastKnownFileType = sourcecode.c.objc; path = main.m; sourceTree = "<group>"; };
		29B97324FDCFA39411CA2CEA /* AppKit.framework */ = {isa = PBXFileReference; lastKnownFileType = wrapper.framework; name = AppKit.framework; path = /System/Library/Frameworks/AppKit.framework; sourceTree = "<absolute>"; };
		29B97325FDCFA39411CA2CEA /* Foundation.framework */ = {isa = PBXFileReference; lastKnownFileType = wrapper.framework; name = Foundation.framework; path = /System/Library/Frameworks/Foundation.framework; sourceTree = "<absolute>"; };
		7D1425100FFB504D00708F8B /* BWToolkitFramework.framework */ = {isa = PBXFileReference; lastKnownFileType = wrapper.framework; name = BWToolkitFramework.framework; path = ../../../Library/Frameworks/BWToolkitFramework.framework; sourceTree = SOURCE_ROOT; };
		7D1425630FFB535000708F8B /* release-notes.html */ = {isa = PBXFileReference; fileEncoding = 4; lastKnownFileType = text.html; path = "release-notes.html"; sourceTree = "<group>"; };
		7D1D582A0FDFA0CD00EB29CD /* Plexer_OFF.png */ = {isa = PBXFileReference; lastKnownFileType = image.png; path = Plexer_OFF.png; sourceTree = "<group>"; };
		7D1D582B0FDFA0CD00EB29CD /* Plexer_ON.png */ = {isa = PBXFileReference; lastKnownFileType = image.png; path = Plexer_ON.png; sourceTree = "<group>"; };
		7D1D59360FDFB9AE00EB29CD /* Carbon.framework */ = {isa = PBXFileReference; lastKnownFileType = wrapper.framework; name = Carbon.framework; path = /System/Library/Frameworks/Carbon.framework; sourceTree = "<absolute>"; };
		7D1D67450FF602640013EEB0 /* KSUserSettings.h */ = {isa = PBXFileReference; fileEncoding = 4; lastKnownFileType = sourcecode.c.h; path = KSUserSettings.h; sourceTree = "<group>"; };
		7D1D67460FF602640013EEB0 /* KSUserSettings.m */ = {isa = PBXFileReference; explicitFileType = sourcecode.c.objc; fileEncoding = 4; path = KSUserSettings.m; sourceTree = "<group>"; };
		7D1D67510FF60B410013EEB0 /* KSConfiguration.h */ = {isa = PBXFileReference; fileEncoding = 4; lastKnownFileType = sourcecode.c.h; path = KSConfiguration.h; sourceTree = "<group>"; };
		7D1D67520FF60B410013EEB0 /* KSConfiguration.m */ = {isa = PBXFileReference; fileEncoding = 4; lastKnownFileType = sourcecode.c.objc; path = KSConfiguration.m; sourceTree = "<group>"; };
		7D1D67590FF6105C0013EEB0 /* KSGeneralSettingsController.h */ = {isa = PBXFileReference; fileEncoding = 4; lastKnownFileType = sourcecode.c.h; path = KSGeneralSettingsController.h; sourceTree = "<group>"; };
		7D1D675A0FF6105C0013EEB0 /* KSGeneralSettingsController.m */ = {isa = PBXFileReference; fileEncoding = 4; lastKnownFileType = sourcecode.c.objc; path = KSGeneralSettingsController.m; sourceTree = "<group>"; };
		7D5D61950FE4C37B00347A73 /* EventHandling.h */ = {isa = PBXFileReference; fileEncoding = 4; lastKnownFileType = sourcecode.c.h; path = EventHandling.h; sourceTree = "<group>"; };
		7D5D61960FE4C37B00347A73 /* EventHandling.m */ = {isa = PBXFileReference; fileEncoding = 4; lastKnownFileType = sourcecode.c.objc; path = EventHandling.m; sourceTree = "<group>"; };
		7D5DEBB20FF9EB60005AB679 /* English */ = {isa = PBXFileReference; lastKnownFileType = file.xib; name = English; path = English.lproj/MainMenu.xib; sourceTree = "<group>"; };
		7D8D2FC90FEDFD3200912722 /* ScriptingBridge.framework */ = {isa = PBXFileReference; lastKnownFileType = wrapper.framework; name = ScriptingBridge.framework; path = /System/Library/Frameworks/ScriptingBridge.framework; sourceTree = "<absolute>"; };
		7D8D300C0FEE045300912722 /* System Events.app */ = {isa = PBXFileReference; lastKnownFileType = wrapper.application; name = "System Events.app"; path = "/System/Library/CoreServices/System Events.app"; sourceTree = "<absolute>"; };
		7D8D321E0FEF48D900912722 /* version.xcconfig */ = {isa = PBXFileReference; fileEncoding = 4; lastKnownFileType = text.xcconfig; path = version.xcconfig; sourceTree = "<group>"; };
		7D8D32A80FEF54A000912722 /* dsa_pub.pem */ = {isa = PBXFileReference; fileEncoding = 4; lastKnownFileType = text; path = dsa_pub.pem; sourceTree = "<group>"; };
		7D8D33560FEF77A800912722 /* Sparkle.framework */ = {isa = PBXFileReference; lastKnownFileType = wrapper.framework; name = Sparkle.framework; path = "/Users/owensd/Downloads/Sparkle 1/Sparkle.framework"; sourceTree = "<absolute>"; };
		7D8D33C60FEF8B3E00912722 /* plexercast.xml */ = {isa = PBXFileReference; fileEncoding = 4; lastKnownFileType = text.xml; path = plexercast.xml; sourceTree = "<group>"; };
		7D90C6CE0FF2087E0042969C /* Plexer_Prefix.pch */ = {isa = PBXFileReference; fileEncoding = 4; lastKnownFileType = sourcecode.c.h; path = Plexer_Prefix.pch; sourceTree = "<group>"; };
		7D91321910032F3700F24C41 /* KSInfoPanelController.h */ = {isa = PBXFileReference; fileEncoding = 4; lastKnownFileType = sourcecode.c.h; path = KSInfoPanelController.h; sourceTree = "<group>"; };
		7D91321A10032F3700F24C41 /* KSInfoPanelController.m */ = {isa = PBXFileReference; fileEncoding = 4; lastKnownFileType = sourcecode.c.objc; path = KSInfoPanelController.m; sourceTree = "<group>"; };
		7DA0A82C0FF0A00D006503FC /* PreferencePanes.framework */ = {isa = PBXFileReference; lastKnownFileType = wrapper.framework; name = PreferencePanes.framework; path = /System/Library/Frameworks/PreferencePanes.framework; sourceTree = "<absolute>"; };
		7DA6EB5C0FF61A5F0028CA3B /* KSAppController.h */ = {isa = PBXFileReference; fileEncoding = 4; lastKnownFileType = sourcecode.c.h; path = KSAppController.h; sourceTree = "<group>"; };
		7DA6EB5D0FF61A5F0028CA3B /* KSAppController.m */ = {isa = PBXFileReference; fileEncoding = 4; lastKnownFileType = sourcecode.c.objc; path = KSAppController.m; sourceTree = "<group>"; };
		7DA6EBAE0FF626E60028CA3B /* KSConfigurationSettingsController.h */ = {isa = PBXFileReference; fileEncoding = 4; lastKnownFileType = sourcecode.c.h; path = KSConfigurationSettingsController.h; sourceTree = "<group>"; };
		7DA6EBAF0FF626E60028CA3B /* KSConfigurationSettingsController.m */ = {isa = PBXFileReference; fileEncoding = 4; lastKnownFileType = sourcecode.c.objc; path = KSConfigurationSettingsController.m; sourceTree = "<group>"; };
		8D1107310486CEB800E47090 /* Info.plist */ = {isa = PBXFileReference; fileEncoding = 4; lastKnownFileType = text.plist.xml; path = Info.plist; sourceTree = "<group>"; };
		8D1107320486CEB800E47090 /* Plexer.app */ = {isa = PBXFileReference; explicitFileType = wrapper.application; includeInIndex = 0; path = Plexer.app; sourceTree = BUILT_PRODUCTS_DIR; };
/* End PBXFileReference section */

/* Begin PBXFrameworksBuildPhase section */
		8D11072E0486CEB800E47090 /* Frameworks */ = {
			isa = PBXFrameworksBuildPhase;
			buildActionMask = 2147483647;
			files = (
				7D8D33C90FEF8C2B00912722 /* Sparkle.framework in Frameworks */,
				8D11072F0486CEB800E47090 /* Cocoa.framework in Frameworks */,
				7D1D59370FDFB9AE00EB29CD /* Carbon.framework in Frameworks */,
				7D8D2FCA0FEDFD3200912722 /* ScriptingBridge.framework in Frameworks */,
				7DA0A82D0FF0A00D006503FC /* PreferencePanes.framework in Frameworks */,
				7D1425110FFB504D00708F8B /* BWToolkitFramework.framework in Frameworks */,
			);
			runOnlyForDeploymentPostprocessing = 0;
		};
/* End PBXFrameworksBuildPhase section */

/* Begin PBXGroup section */
		080E96DDFE201D6D7F000001 /* Classes */ = {
			isa = PBXGroup;
			children = (
				7D5D61950FE4C37B00347A73 /* EventHandling.h */,
				7D5D61960FE4C37B00347A73 /* EventHandling.m */,
			);
			name = Classes;
			sourceTree = "<group>";
		};
		1058C7A0FEA54F0111CA2CBB /* Linked Frameworks */ = {
			isa = PBXGroup;
			children = (
				7D1425100FFB504D00708F8B /* BWToolkitFramework.framework */,
				7DA0A82C0FF0A00D006503FC /* PreferencePanes.framework */,
				7D8D33560FEF77A800912722 /* Sparkle.framework */,
				7D1D59360FDFB9AE00EB29CD /* Carbon.framework */,
				7D8D2FC90FEDFD3200912722 /* ScriptingBridge.framework */,
				1058C7A1FEA54F0111CA2CBB /* Cocoa.framework */,
			);
			name = "Linked Frameworks";
			sourceTree = "<group>";
		};
		1058C7A2FEA54F0111CA2CBB /* Other Frameworks */ = {
			isa = PBXGroup;
			children = (
				29B97324FDCFA39411CA2CEA /* AppKit.framework */,
				13E42FB307B3F0F600E4EEF1 /* CoreData.framework */,
				29B97325FDCFA39411CA2CEA /* Foundation.framework */,
			);
			name = "Other Frameworks";
			sourceTree = "<group>";
		};
		19C28FACFE9D520D11CA2CBB /* Products */ = {
			isa = PBXGroup;
			children = (
				8D1107320486CEB800E47090 /* Plexer.app */,
			);
			name = Products;
			sourceTree = "<group>";
		};
		29B97314FDCFA39411CA2CEA /* Plexer */ = {
			isa = PBXGroup;
			children = (
				7DA6EB600FF61B150028CA3B /* src */,
				080E96DDFE201D6D7F000001 /* Classes */,
				29B97317FDCFA39411CA2CEA /* resources */,
				29B97315FDCFA39411CA2CEA /* misc */,
				29B97323FDCFA39411CA2CEA /* Frameworks */,
				19C28FACFE9D520D11CA2CBB /* Products */,
			);
			name = Plexer;
			sourceTree = "<group>";
		};
		29B97315FDCFA39411CA2CEA /* misc */ = {
			isa = PBXGroup;
			children = (
				7D8D300C0FEE045300912722 /* System Events.app */,
			);
			name = misc;
			sourceTree = "<group>";
		};
		29B97317FDCFA39411CA2CEA /* resources */ = {
			isa = PBXGroup;
			children = (
				7DA6EB680FF61CD70028CA3B /* images */,
				8D1107310486CEB800E47090 /* Info.plist */,
				7DA6EB550FF619C50028CA3B /* InfoPlist.strings */,
				7D8D33C60FEF8B3E00912722 /* plexercast.xml */,
				7D8D32A80FEF54A000912722 /* dsa_pub.pem */,
				7D8D321E0FEF48D900912722 /* version.xcconfig */,
				7D5DEBB10FF9EB60005AB679 /* MainMenu.xib */,
				7D1425630FFB535000708F8B /* release-notes.html */,
			);
			path = resources;
			sourceTree = "<group>";
		};
		29B97323FDCFA39411CA2CEA /* Frameworks */ = {
			isa = PBXGroup;
			children = (
				1058C7A0FEA54F0111CA2CBB /* Linked Frameworks */,
				1058C7A2FEA54F0111CA2CBB /* Other Frameworks */,
			);
			name = Frameworks;
			sourceTree = "<group>";
		};
		7D1D67440FF600EB0013EEB0 /* model */ = {
			isa = PBXGroup;
			children = (
				7D1D67450FF602640013EEB0 /* KSUserSettings.h */,
				7D1D67460FF602640013EEB0 /* KSUserSettings.m */,
				7D1D67510FF60B410013EEB0 /* KSConfiguration.h */,
				7D1D67520FF60B410013EEB0 /* KSConfiguration.m */,
			);
			path = model;
			sourceTree = "<group>";
		};
		7D1D67560FF60DD40013EEB0 /* controllers */ = {
			isa = PBXGroup;
			children = (
				7DA6EB5C0FF61A5F0028CA3B /* KSAppController.h */,
				7DA6EB5D0FF61A5F0028CA3B /* KSAppController.m */,
				7D1D67590FF6105C0013EEB0 /* KSGeneralSettingsController.h */,
				7D1D675A0FF6105C0013EEB0 /* KSGeneralSettingsController.m */,
				7DA6EBAE0FF626E60028CA3B /* KSConfigurationSettingsController.h */,
				7DA6EBAF0FF626E60028CA3B /* KSConfigurationSettingsController.m */,
				7D91321910032F3700F24C41 /* KSInfoPanelController.h */,
				7D91321A10032F3700F24C41 /* KSInfoPanelController.m */,
			);
			path = controllers;
			sourceTree = "<group>";
		};
		7DA6EB600FF61B150028CA3B /* src */ = {
			isa = PBXGroup;
			children = (
				7D1D67560FF60DD40013EEB0 /* controllers */,
				7D1D67440FF600EB0013EEB0 /* model */,
				7D90C6CE0FF2087E0042969C /* Plexer_Prefix.pch */,
				29B97316FDCFA39411CA2CEA /* main.m */,
			);
			path = src;
			sourceTree = "<group>";
		};
		7DA6EB680FF61CD70028CA3B /* images */ = {
			isa = PBXGroup;
			children = (
				7D1D582A0FDFA0CD00EB29CD /* Plexer_OFF.png */,
				7D1D582B0FDFA0CD00EB29CD /* Plexer_ON.png */,
			);
			path = images;
			sourceTree = "<group>";
		};
/* End PBXGroup section */

/* Begin PBXNativeTarget section */
		8D1107260486CEB800E47090 /* Plexer */ = {
			isa = PBXNativeTarget;
			buildConfigurationList = C01FCF4A08A954540054247B /* Build configuration list for PBXNativeTarget "Plexer" */;
			buildPhases = (
				8D1107290486CEB800E47090 /* Resources */,
				8D11072C0486CEB800E47090 /* Sources */,
				8D11072E0486CEB800E47090 /* Frameworks */,
				7D8D31920FEF401C00912722 /* Increment Build Number */,
				7D8D32A70FEF537700912722 /* CopyFiles */,
			);
			buildRules = (
				7D8D2FEE0FEE004900912722 /* PBXBuildRule */,
			);
			dependencies = (
			);
			name = Plexer;
			productInstallPath = "$(HOME)/Applications";
			productName = Plexer;
			productReference = 8D1107320486CEB800E47090 /* Plexer.app */;
			productType = "com.apple.product-type.application";
		};
/* End PBXNativeTarget section */

/* Begin PBXProject section */
		29B97313FDCFA39411CA2CEA /* Project object */ = {
			isa = PBXProject;
			buildConfigurationList = C01FCF4E08A954540054247B /* Build configuration list for PBXProject "Plexer" */;
			compatibilityVersion = "Xcode 3.1";
			hasScannedForEncodings = 1;
			mainGroup = 29B97314FDCFA39411CA2CEA /* Plexer */;
			projectDirPath = "";
			projectRoot = "";
			targets = (
				8D1107260486CEB800E47090 /* Plexer */,
				7D8D32AC0FEF565400912722 /* Publish */,
			);
		};
/* End PBXProject section */

/* Begin PBXResourcesBuildPhase section */
		8D1107290486CEB800E47090 /* Resources */ = {
			isa = PBXResourcesBuildPhase;
			buildActionMask = 2147483647;
			files = (
				7DA6EB560FF619C50028CA3B /* InfoPlist.strings in Resources */,
				7D1D582C0FDFA0CD00EB29CD /* Plexer_OFF.png in Resources */,
				7D1D582D0FDFA0CD00EB29CD /* Plexer_ON.png in Resources */,
				7D8D300D0FEE045300912722 /* System Events.app in Resources */,
				7D8D321F0FEF48D900912722 /* version.xcconfig in Resources */,
				7D8D32A90FEF54A000912722 /* dsa_pub.pem in Resources */,
				7D5DEBB30FF9EB60005AB679 /* MainMenu.xib in Resources */,
				7D1425640FFB535000708F8B /* release-notes.html in Resources */,
			);
			runOnlyForDeploymentPostprocessing = 0;
		};
/* End PBXResourcesBuildPhase section */

/* Begin PBXShellScriptBuildPhase section */
		7D8D31920FEF401C00912722 /* Increment Build Number */ = {
			isa = PBXShellScriptBuildPhase;
			buildActionMask = 2147483647;
			files = (
			);
			inputPaths = (
			);
			name = "Increment Build Number";
			outputPaths = (
			);
			runOnlyForDeploymentPostprocessing = 0;
			shellPath = /bin/bash;
			shellScript = "#!/bin/bash\n#\n# buildIncrementer  \n#  -- a simple script to increment the \n#      build number through Xcode\n#\nif [ -e \"resources/buildnumber\" ]\nthen\n  echo \" do nothing\" > /dev/null\nelse\n  # creat an empty file\n  touch resources/buildnumber\nfi\n \n#increment the build number\nread number  < resources/buildnumber\nlet number++\necho $number\necho $number > resources/buildnumber\n\necho \"CURRENT_PROJECT_VERSION = ${number}\" > resources/version.xcconfig";
		};
		7D8D32AB0FEF565400912722 /* ShellScript */ = {
			isa = PBXShellScriptBuildPhase;
			buildActionMask = 2147483647;
			files = (
			);
			inputPaths = (
			);
			outputPaths = (
			);
			runOnlyForDeploymentPostprocessing = 0;
			shellPath = /bin/bash;
			shellScript = "set -o errexit\n\n[ $BUILD_STYLE = Release ] || { echo Distribution target requires \"'Release'\" build style; false; }\n\nVERSION=$(defaults read \"$BUILT_PRODUCTS_DIR/$PROJECT_NAME.app/Contents/Info\" CFBundleShortVersionString)\nINTERNAL_VERSION=$(defaults read \"$BUILT_PRODUCTS_DIR/$PROJECT_NAME.app/Contents/Info\" CFBundleVersion)\nDOWNLOAD_BASE_URL=\"http://www.kiadsoftware.com/apps/plexer/files\"\nRELEASENOTES_URL=\"http://www.kiadsoftware.com/apps/plexer/release-notes.html#version-$VERSION\"\n\nARCHIVE_FILENAME=\"$PROJECT_NAME $VERSION.zip\"\nDOWNLOAD_URL=\"$DOWNLOAD_BASE_URL/$ARCHIVE_FILENAME\"\nKEYCHAIN_PRIVKEY_NAME=\"Plexer Private Key\"\n\nWD=$PWD\ncd \"$BUILT_PRODUCTS_DIR\"\nrm -f \"$PROJECT_NAME\"*.zip\nzip -qr \"$ARCHIVE_FILENAME\" \"$PROJECT_NAME.app\"\n\nSIZE=$(stat -f %z \"$ARCHIVE_FILENAME\")\nPUBDATE=$(date +\"%a, %d %b %G %T %z\")\nSIGNATURE=$(\n\topenssl dgst -sha1 -binary < \"$ARCHIVE_FILENAME\" \\\n\t| openssl dgst -dss1 -sign <(security find-generic-password -g -s \"$KEYCHAIN_PRIVKEY_NAME\" 2>&1 1>/dev/null | perl -pe '($_) = /\"(.+)\"/; s/\\\\012/\\n/g') \\\n\t| openssl enc -base64\n)\n\n[ $SIGNATURE ] || { echo Unable to load signing private key with name \"'$KEYCHAIN_PRIVKEY_NAME'\" from keychain; false; }\n\ncat <<EOF\n\t\t<item>\n\t\t\t<title>Version $VERSION</title>\n\t\t\t<sparkle:releaseNotesLink>$RELEASENOTES_URL</sparkle:releaseNotesLink>\n\t\t\t<pubDate>$PUBDATE</pubDate>\n\t\t\t<enclosure\n\t\t\t\turl=\"$DOWNLOAD_URL\"\n\t\t\t\tsparkle:version=\"$INTERNAL_VERSION\"\n\t\t\t\tsparkle:shortVersionString=\"$VERSION\"\n\t\t\t\ttype=\"application/octet-stream\"\n\t\t\t\tlength=\"$SIZE\"\n\t\t\t\tsparkle:dsaSignature=\"$SIGNATURE\"\n\t\t\t/>\n\t\t\t<sparkle:minimumSystemVersion>10.5.0</sparkle:minimumSystemVersion>\n\t\t</item>\nEOF\n\necho scp \"'$PROJECT_DIR/build/Release/$ARCHIVE_FILENAME'\" owensd_kiad@ssh.phx.nearlyfreespeech.net:apps/plexer/files/\necho scp \"'$PROJECT_DIR/resources/plexercast.xml'\" owensd_kiad@ssh.phx.nearlyfreespeech.net:apps/plexer/plexercast.xml\necho scp \"'$PROJECT_DIR/resources/release-notes.html'\" owensd_kiad@ssh.phx.nearlyfreespeech.net:apps/plexer/release-notes.html";
		};
/* End PBXShellScriptBuildPhase section */

/* Begin PBXSourcesBuildPhase section */
		8D11072C0486CEB800E47090 /* Sources */ = {
			isa = PBXSourcesBuildPhase;
			buildActionMask = 2147483647;
			files = (
				8D11072D0486CEB800E47090 /* main.m in Sources */,
				7D5D61970FE4C37B00347A73 /* EventHandling.m in Sources */,
				7D1D67470FF602640013EEB0 /* KSUserSettings.m in Sources */,
				7D1D67530FF60B410013EEB0 /* KSConfiguration.m in Sources */,
				7D1D675B0FF6105C0013EEB0 /* KSGeneralSettingsController.m in Sources */,
				7DA6EB5E0FF61A5F0028CA3B /* KSAppController.m in Sources */,
				7DA6EBB00FF626E60028CA3B /* KSConfigurationSettingsController.m in Sources */,
				7D91321B10032F3700F24C41 /* KSInfoPanelController.m in Sources */,
			);
			runOnlyForDeploymentPostprocessing = 0;
		};
/* End PBXSourcesBuildPhase section */

/* Begin PBXVariantGroup section */
		7D5DEBB10FF9EB60005AB679 /* MainMenu.xib */ = {
			isa = PBXVariantGroup;
			children = (
				7D5DEBB20FF9EB60005AB679 /* English */,
			);
			name = MainMenu.xib;
			sourceTree = "<group>";
		};
		7DA6EB550FF619C50028CA3B /* InfoPlist.strings */ = {
			isa = PBXVariantGroup;
			children = (
				089C165DFE840E0CC02AAC07 /* English */,
			);
			name = InfoPlist.strings;
			sourceTree = "<group>";
		};
/* End PBXVariantGroup section */

/* Begin XCBuildConfiguration section */
		7D8D32AD0FEF565400912722 /* Debug */ = {
			isa = XCBuildConfiguration;
			buildSettings = {
				COPY_PHASE_STRIP = NO;
				GCC_DYNAMIC_NO_PIC = NO;
				GCC_OPTIMIZATION_LEVEL = 0;
				PRODUCT_NAME = Publish;
			};
			name = Debug;
		};
		7D8D32AE0FEF565400912722 /* Release */ = {
			isa = XCBuildConfiguration;
			buildSettings = {
				COPY_PHASE_STRIP = YES;
				DEBUG_INFORMATION_FORMAT = "dwarf-with-dsym";
				GCC_ENABLE_FIX_AND_CONTINUE = NO;
				PRODUCT_NAME = Publish;
				ZERO_LINK = NO;
			};
			name = Release;
		};
		C01FCF4B08A954540054247B /* Debug */ = {
			isa = XCBuildConfiguration;
			baseConfigurationReference = 7D8D321E0FEF48D900912722 /* version.xcconfig */;
			buildSettings = {
				ALWAYS_SEARCH_USER_PATHS = NO;
				COPY_PHASE_STRIP = NO;
				FRAMEWORK_SEARCH_PATHS = (
					"$(inherited)",
					"\"$(SRCROOT)/../../../Library/Frameworks\"",
					"\"$(SRCROOT)/../../../Downloads/Sparkle 1/With Garbage Collection\"",
					"\"$(SRCROOT)/../../../Downloads/Sparkle 1\"",
				);
				GCC_DYNAMIC_NO_PIC = NO;
				GCC_ENABLE_FIX_AND_CONTINUE = YES;
				GCC_MODEL_TUNING = G5;
				GCC_OPTIMIZATION_LEVEL = 0;
				GCC_PRECOMPILE_PREFIX_HEADER = YES;
				GCC_PREFIX_HEADER = src/Plexer_Prefix.pch;
				INFOPLIST_FILE = resources/Info.plist;
				INSTALL_PATH = "$(HOME)/Applications";
				PRODUCT_NAME = Plexer;
			};
			name = Debug;
		};
		C01FCF4C08A954540054247B /* Release */ = {
			isa = XCBuildConfiguration;
			baseConfigurationReference = 7D8D321E0FEF48D900912722 /* version.xcconfig */;
			buildSettings = {
				ALWAYS_SEARCH_USER_PATHS = NO;
				DEBUG_INFORMATION_FORMAT = "dwarf-with-dsym";
				FRAMEWORK_SEARCH_PATHS = (
					"$(inherited)",
					"\"$(SRCROOT)/../../../Library/Frameworks\"",
					"\"$(SRCROOT)/../../../Downloads/Sparkle 1/With Garbage Collection\"",
					"\"$(SRCROOT)/../../../Downloads/Sparkle 1\"",
				);
				GCC_MODEL_TUNING = G5;
				GCC_PRECOMPILE_PREFIX_HEADER = YES;
				GCC_PREFIX_HEADER = src/Plexer_Prefix.pch;
				INFOPLIST_FILE = resources/Info.plist;
				INSTALL_PATH = "$(HOME)/Applications";
				PRODUCT_NAME = Plexer;
			};
			name = Release;
		};
		C01FCF4F08A954540054247B /* Debug */ = {
			isa = XCBuildConfiguration;
			buildSettings = {
				ARCHS = "$(ARCHS_STANDARD_32_64_BIT)";
				GCC_C_LANGUAGE_STANDARD = c99;
				GCC_OPTIMIZATION_LEVEL = 0;
				GCC_WARN_ABOUT_RETURN_TYPE = YES;
				GCC_WARN_UNUSED_VARIABLE = YES;
				ONLY_ACTIVE_ARCH = YES;
				PREBINDING = NO;
				SDKROOT = macosx10.5;
			};
			name = Debug;
		};
		C01FCF5008A954540054247B /* Release */ = {
			isa = XCBuildConfiguration;
			buildSettings = {
				ARCHS = "$(ARCHS_STANDARD_32_64_BIT)";
				COPY_PHASE_STRIP = NO;
				GCC_C_LANGUAGE_STANDARD = c99;
				GCC_WARN_ABOUT_RETURN_TYPE = YES;
				GCC_WARN_UNUSED_VARIABLE = YES;
				PREBINDING = NO;
				SDKROOT = macosx10.5;
			};
			name = Release;
		};
/* End XCBuildConfiguration section */

/* Begin XCConfigurationList section */
		7D8D32B00FEF565800912722 /* Build configuration list for PBXAggregateTarget "Publish" */ = {
			isa = XCConfigurationList;
			buildConfigurations = (
				7D8D32AD0FEF565400912722 /* Debug */,
				7D8D32AE0FEF565400912722 /* Release */,
			);
			defaultConfigurationIsVisible = 0;
			defaultConfigurationName = Release;
		};
		C01FCF4A08A954540054247B /* Build configuration list for PBXNativeTarget "Plexer" */ = {
			isa = XCConfigurationList;
			buildConfigurations = (
				C01FCF4B08A954540054247B /* Debug */,
				C01FCF4C08A954540054247B /* Release */,
			);
			defaultConfigurationIsVisible = 0;
			defaultConfigurationName = Release;
		};
		C01FCF4E08A954540054247B /* Build configuration list for PBXProject "Plexer" */ = {
			isa = XCConfigurationList;
			buildConfigurations = (
				C01FCF4F08A954540054247B /* Debug */,
				C01FCF5008A954540054247B /* Release */,
			);
			defaultConfigurationIsVisible = 0;
			defaultConfigurationName = Release;
		};
/* End XCConfigurationList section */
	};
	rootObject = 29B97313FDCFA39411CA2CEA /* Project object */;
}
